
Microsoft Visual Studio Solution File, Format Version 12.00
# Visual Studio Version 16
VisualStudioVersion = 16.0.31025.194
MinimumVisualStudioVersion = 10.0.40219.1
Project("{2150E333-8FDC-42A3-9474-1A3956D46DE8}") = "Application", "Application", "{03D5D050-1027-4074-91BC-048284E3E72B}"
EndProject
Project("{2150E333-8FDC-42A3-9474-1A3956D46DE8}") = "Library", "Library", "{FB507B72-4585-4419-A6D4-E1AF1D0CEEDC}"
EndProject
Project("{9A19103F-16F7-4668-BE54-9A1E7A4F7556}") = "GemstoneAnalytic", "Library\GemstoneAnalytic\GemstoneAnalytic.csproj", "{B3B2836C-9B33-4B48-BAA7-CDF6923B6AD1}"
EndProject
Project("{9A19103F-16F7-4668-BE54-9A1E7A4F7556}") = "GemstonePhasorProtocolls", "Library\GemstonePhasorProtocolls\GemstonePhasorProtocolls.csproj", "{0DED0434-8982-4A1C-B569-65E0B66AA8A7}"
EndProject
Project("{9A19103F-16F7-4668-BE54-9A1E7A4F7556}") = "Adapt", "Application\Adapt\Adapt.csproj", "{C54355BA-D9C5-4287-9000-CB12695E3087}"
EndProject
Project("{9A19103F-16F7-4668-BE54-9A1E7A4F7556}") = "Adapt.Models", "Library\Adapt.Models\Adapt.Models.csproj", "{AE6304FB-663B-4C2B-A5ED-EF1D4EFD0223}"
EndProject
Project("{9A19103F-16F7-4668-BE54-9A1E7A4F7556}") = "GemstoneCommon", "Library\GemstoneCommon\GemstoneCommon.csproj", "{0128E1E6-D4EF-41AD-AF9A-55E85A88EE18}"
EndProject
Project("{2150E333-8FDC-42A3-9474-1A3956D46DE8}") = "Data", "Data", "{FE72B0B3-BC96-4496-9EBE-FA211311643D}"
	ProjectSection(SolutionItems) = preProject
		Application\Data\Adapt.sql = Application\Data\Adapt.sql
		Application\Data\DataBase.db = Application\Data\DataBase.db
	EndProjectSection
EndProject
Project("{2150E333-8FDC-42A3-9474-1A3956D46DE8}") = "Dependencies", "Dependencies", "{3F8161D2-38F6-4F79-B616-DB5CEB9F8C9A}"
EndProject
Project("{2150E333-8FDC-42A3-9474-1A3956D46DE8}") = "Gemstone", "Gemstone", "{C98BE928-1D7D-4FAD-BE3B-23518A11E84C}"
	ProjectSection(SolutionItems) = preProject
		Dependencies\Gemstone\System.Data.SQLite.dll = Dependencies\Gemstone\System.Data.SQLite.dll
	EndProjectSection
EndProject
Project("{2150E333-8FDC-42A3-9474-1A3956D46DE8}") = "Images", "Images", "{9CD53940-04FF-4790-BF5E-0B1DF633072B}"
	ProjectSection(SolutionItems) = preProject
		Application\Images\ADAPT Title 800.png = Application\Images\ADAPT Title 800.png
		Application\Images\DataSource.png = Application\Images\DataSource.png
		Application\Images\Template.png = Application\Images\Template.png
	EndProjectSection
EndProject
Project("{9A19103F-16F7-4668-BE54-9A1E7A4F7556}") = "GemstoneWPF", "Library\GemstoneWPF\GemstoneWPF.csproj", "{67A9963E-66E1-4CE3-A894-BB7997C00F06}"
EndProject
Project("{9A19103F-16F7-4668-BE54-9A1E7A4F7556}") = "Adapt.DataSources", "Library\Adapt.DataSources\Adapt.DataSources.csproj", "{43A3BD4C-2D50-4FAB-B077-7E8DB7C171F4}"
EndProject
Project("{9A19103F-16F7-4668-BE54-9A1E7A4F7556}") = "AdaptLogic", "Library\AdaptLogic\AdaptLogic.csproj", "{75C89AA8-3FD0-4A94-9E9A-39ECAE49421A}"
EndProject
Project("{2150E333-8FDC-42A3-9474-1A3956D46DE8}") = "Setup", "Setup", "{D6730C1A-EFC0-4128-ABC0-B20A6909FF62}"
EndProject
Project("{930C7802-8A8C-48F9-8165-68863BCCD9DD}") = "AdaptSetup", "Application\Setup\AdaptSetup.wixproj", "{573FBF22-3D63-449A-A31F-2D5622342C42}"
EndProject
Project("{9A19103F-16F7-4668-BE54-9A1E7A4F7556}") = "Adapt.Analytcis", "Library\Adapt.Analytics\Adapt.Analytcis.csproj", "{AE16DAA6-565B-439E-B99A-9A5549160356}"
EndProject
Project("{9A19103F-16F7-4668-BE54-9A1E7A4F7556}") = "JsisCsvReader", "JsisCsvReader\JsisCsvReader.csproj", "{051F486F-A87E-446B-87D2-355242A9D88C}"
EndProject
Global
	GlobalSection(SolutionConfigurationPlatforms) = preSolution
		Debug|Any CPU = Debug|Any CPU
		Debug|ia64 = Debug|ia64
		Debug|x64 = Debug|x64
		Debug|x86 = Debug|x86
		Development|Any CPU = Development|Any CPU
		Development|ia64 = Development|ia64
		Development|x64 = Development|x64
		Development|x86 = Development|x86
		Release|Any CPU = Release|Any CPU
		Release|ia64 = Release|ia64
		Release|x64 = Release|x64
		Release|x86 = Release|x86
	EndGlobalSection
	GlobalSection(ProjectConfigurationPlatforms) = postSolution
		{B3B2836C-9B33-4B48-BAA7-CDF6923B6AD1}.Debug|Any CPU.ActiveCfg = Debug|Any CPU
		{B3B2836C-9B33-4B48-BAA7-CDF6923B6AD1}.Debug|Any CPU.Build.0 = Debug|Any CPU
		{B3B2836C-9B33-4B48-BAA7-CDF6923B6AD1}.Debug|ia64.ActiveCfg = Debug|Any CPU
		{B3B2836C-9B33-4B48-BAA7-CDF6923B6AD1}.Debug|ia64.Build.0 = Debug|Any CPU
		{B3B2836C-9B33-4B48-BAA7-CDF6923B6AD1}.Debug|x64.ActiveCfg = Debug|Any CPU
		{B3B2836C-9B33-4B48-BAA7-CDF6923B6AD1}.Debug|x64.Build.0 = Debug|Any CPU
		{B3B2836C-9B33-4B48-BAA7-CDF6923B6AD1}.Debug|x86.ActiveCfg = Debug|Any CPU
		{B3B2836C-9B33-4B48-BAA7-CDF6923B6AD1}.Debug|x86.Build.0 = Debug|Any CPU
		{B3B2836C-9B33-4B48-BAA7-CDF6923B6AD1}.Development|Any CPU.ActiveCfg = Debug|Any CPU
		{B3B2836C-9B33-4B48-BAA7-CDF6923B6AD1}.Development|Any CPU.Build.0 = Debug|Any CPU
		{B3B2836C-9B33-4B48-BAA7-CDF6923B6AD1}.Development|ia64.ActiveCfg = Debug|Any CPU
		{B3B2836C-9B33-4B48-BAA7-CDF6923B6AD1}.Development|ia64.Build.0 = Debug|Any CPU
		{B3B2836C-9B33-4B48-BAA7-CDF6923B6AD1}.Development|x64.ActiveCfg = Debug|Any CPU
		{B3B2836C-9B33-4B48-BAA7-CDF6923B6AD1}.Development|x64.Build.0 = Debug|Any CPU
		{B3B2836C-9B33-4B48-BAA7-CDF6923B6AD1}.Development|x86.ActiveCfg = Debug|Any CPU
		{B3B2836C-9B33-4B48-BAA7-CDF6923B6AD1}.Development|x86.Build.0 = Debug|Any CPU
		{B3B2836C-9B33-4B48-BAA7-CDF6923B6AD1}.Release|Any CPU.ActiveCfg = Release|Any CPU
		{B3B2836C-9B33-4B48-BAA7-CDF6923B6AD1}.Release|Any CPU.Build.0 = Release|Any CPU
		{B3B2836C-9B33-4B48-BAA7-CDF6923B6AD1}.Release|ia64.ActiveCfg = Release|Any CPU
		{B3B2836C-9B33-4B48-BAA7-CDF6923B6AD1}.Release|ia64.Build.0 = Release|Any CPU
		{B3B2836C-9B33-4B48-BAA7-CDF6923B6AD1}.Release|x64.ActiveCfg = Release|Any CPU
		{B3B2836C-9B33-4B48-BAA7-CDF6923B6AD1}.Release|x64.Build.0 = Release|Any CPU
		{B3B2836C-9B33-4B48-BAA7-CDF6923B6AD1}.Release|x86.ActiveCfg = Release|Any CPU
		{B3B2836C-9B33-4B48-BAA7-CDF6923B6AD1}.Release|x86.Build.0 = Release|Any CPU
		{0DED0434-8982-4A1C-B569-65E0B66AA8A7}.Debug|Any CPU.ActiveCfg = Debug|Any CPU
		{0DED0434-8982-4A1C-B569-65E0B66AA8A7}.Debug|Any CPU.Build.0 = Debug|Any CPU
		{0DED0434-8982-4A1C-B569-65E0B66AA8A7}.Debug|ia64.ActiveCfg = Debug|Any CPU
		{0DED0434-8982-4A1C-B569-65E0B66AA8A7}.Debug|ia64.Build.0 = Debug|Any CPU
		{0DED0434-8982-4A1C-B569-65E0B66AA8A7}.Debug|x64.ActiveCfg = Debug|Any CPU
		{0DED0434-8982-4A1C-B569-65E0B66AA8A7}.Debug|x64.Build.0 = Debug|Any CPU
		{0DED0434-8982-4A1C-B569-65E0B66AA8A7}.Debug|x86.ActiveCfg = Debug|Any CPU
		{0DED0434-8982-4A1C-B569-65E0B66AA8A7}.Debug|x86.Build.0 = Debug|Any CPU
		{0DED0434-8982-4A1C-B569-65E0B66AA8A7}.Development|Any CPU.ActiveCfg = Debug|Any CPU
		{0DED0434-8982-4A1C-B569-65E0B66AA8A7}.Development|Any CPU.Build.0 = Debug|Any CPU
		{0DED0434-8982-4A1C-B569-65E0B66AA8A7}.Development|ia64.ActiveCfg = Debug|Any CPU
		{0DED0434-8982-4A1C-B569-65E0B66AA8A7}.Development|ia64.Build.0 = Debug|Any CPU
		{0DED0434-8982-4A1C-B569-65E0B66AA8A7}.Development|x64.ActiveCfg = Debug|Any CPU
		{0DED0434-8982-4A1C-B569-65E0B66AA8A7}.Development|x64.Build.0 = Debug|Any CPU
		{0DED0434-8982-4A1C-B569-65E0B66AA8A7}.Development|x86.ActiveCfg = Debug|Any CPU
		{0DED0434-8982-4A1C-B569-65E0B66AA8A7}.Development|x86.Build.0 = Debug|Any CPU
		{0DED0434-8982-4A1C-B569-65E0B66AA8A7}.Release|Any CPU.ActiveCfg = Release|Any CPU
		{0DED0434-8982-4A1C-B569-65E0B66AA8A7}.Release|Any CPU.Build.0 = Release|Any CPU
		{0DED0434-8982-4A1C-B569-65E0B66AA8A7}.Release|ia64.ActiveCfg = Release|Any CPU
		{0DED0434-8982-4A1C-B569-65E0B66AA8A7}.Release|ia64.Build.0 = Release|Any CPU
		{0DED0434-8982-4A1C-B569-65E0B66AA8A7}.Release|x64.ActiveCfg = Release|Any CPU
		{0DED0434-8982-4A1C-B569-65E0B66AA8A7}.Release|x64.Build.0 = Release|Any CPU
		{0DED0434-8982-4A1C-B569-65E0B66AA8A7}.Release|x86.ActiveCfg = Release|Any CPU
		{0DED0434-8982-4A1C-B569-65E0B66AA8A7}.Release|x86.Build.0 = Release|Any CPU
		{C54355BA-D9C5-4287-9000-CB12695E3087}.Debug|Any CPU.ActiveCfg = Debug|Any CPU
		{C54355BA-D9C5-4287-9000-CB12695E3087}.Debug|Any CPU.Build.0 = Debug|Any CPU
		{C54355BA-D9C5-4287-9000-CB12695E3087}.Debug|ia64.ActiveCfg = Debug|Any CPU
		{C54355BA-D9C5-4287-9000-CB12695E3087}.Debug|ia64.Build.0 = Debug|Any CPU
		{C54355BA-D9C5-4287-9000-CB12695E3087}.Debug|x64.ActiveCfg = Debug|Any CPU
		{C54355BA-D9C5-4287-9000-CB12695E3087}.Debug|x64.Build.0 = Debug|Any CPU
		{C54355BA-D9C5-4287-9000-CB12695E3087}.Debug|x86.ActiveCfg = Debug|Any CPU
		{C54355BA-D9C5-4287-9000-CB12695E3087}.Debug|x86.Build.0 = Debug|Any CPU
		{C54355BA-D9C5-4287-9000-CB12695E3087}.Development|Any CPU.ActiveCfg = Debug|Any CPU
		{C54355BA-D9C5-4287-9000-CB12695E3087}.Development|Any CPU.Build.0 = Debug|Any CPU
		{C54355BA-D9C5-4287-9000-CB12695E3087}.Development|ia64.ActiveCfg = Debug|Any CPU
		{C54355BA-D9C5-4287-9000-CB12695E3087}.Development|ia64.Build.0 = Debug|Any CPU
		{C54355BA-D9C5-4287-9000-CB12695E3087}.Development|x64.ActiveCfg = Debug|Any CPU
		{C54355BA-D9C5-4287-9000-CB12695E3087}.Development|x64.Build.0 = Debug|Any CPU
		{C54355BA-D9C5-4287-9000-CB12695E3087}.Development|x86.ActiveCfg = Debug|Any CPU
		{C54355BA-D9C5-4287-9000-CB12695E3087}.Development|x86.Build.0 = Debug|Any CPU
		{C54355BA-D9C5-4287-9000-CB12695E3087}.Release|Any CPU.ActiveCfg = Release|Any CPU
		{C54355BA-D9C5-4287-9000-CB12695E3087}.Release|Any CPU.Build.0 = Release|Any CPU
		{C54355BA-D9C5-4287-9000-CB12695E3087}.Release|ia64.ActiveCfg = Release|Any CPU
		{C54355BA-D9C5-4287-9000-CB12695E3087}.Release|ia64.Build.0 = Release|Any CPU
		{C54355BA-D9C5-4287-9000-CB12695E3087}.Release|x64.ActiveCfg = Release|Any CPU
		{C54355BA-D9C5-4287-9000-CB12695E3087}.Release|x64.Build.0 = Release|Any CPU
		{C54355BA-D9C5-4287-9000-CB12695E3087}.Release|x86.ActiveCfg = Release|Any CPU
		{C54355BA-D9C5-4287-9000-CB12695E3087}.Release|x86.Build.0 = Release|Any CPU
		{AE6304FB-663B-4C2B-A5ED-EF1D4EFD0223}.Debug|Any CPU.ActiveCfg = Debug|Any CPU
		{AE6304FB-663B-4C2B-A5ED-EF1D4EFD0223}.Debug|Any CPU.Build.0 = Debug|Any CPU
		{AE6304FB-663B-4C2B-A5ED-EF1D4EFD0223}.Debug|ia64.ActiveCfg = Debug|Any CPU
		{AE6304FB-663B-4C2B-A5ED-EF1D4EFD0223}.Debug|ia64.Build.0 = Debug|Any CPU
		{AE6304FB-663B-4C2B-A5ED-EF1D4EFD0223}.Debug|x64.ActiveCfg = Debug|Any CPU
		{AE6304FB-663B-4C2B-A5ED-EF1D4EFD0223}.Debug|x64.Build.0 = Debug|Any CPU
		{AE6304FB-663B-4C2B-A5ED-EF1D4EFD0223}.Debug|x86.ActiveCfg = Debug|Any CPU
		{AE6304FB-663B-4C2B-A5ED-EF1D4EFD0223}.Debug|x86.Build.0 = Debug|Any CPU
		{AE6304FB-663B-4C2B-A5ED-EF1D4EFD0223}.Development|Any CPU.ActiveCfg = Debug|Any CPU
		{AE6304FB-663B-4C2B-A5ED-EF1D4EFD0223}.Development|Any CPU.Build.0 = Debug|Any CPU
		{AE6304FB-663B-4C2B-A5ED-EF1D4EFD0223}.Development|ia64.ActiveCfg = Debug|Any CPU
		{AE6304FB-663B-4C2B-A5ED-EF1D4EFD0223}.Development|ia64.Build.0 = Debug|Any CPU
		{AE6304FB-663B-4C2B-A5ED-EF1D4EFD0223}.Development|x64.ActiveCfg = Debug|Any CPU
		{AE6304FB-663B-4C2B-A5ED-EF1D4EFD0223}.Development|x64.Build.0 = Debug|Any CPU
		{AE6304FB-663B-4C2B-A5ED-EF1D4EFD0223}.Development|x86.ActiveCfg = Debug|Any CPU
		{AE6304FB-663B-4C2B-A5ED-EF1D4EFD0223}.Development|x86.Build.0 = Debug|Any CPU
		{AE6304FB-663B-4C2B-A5ED-EF1D4EFD0223}.Release|Any CPU.ActiveCfg = Release|Any CPU
		{AE6304FB-663B-4C2B-A5ED-EF1D4EFD0223}.Release|Any CPU.Build.0 = Release|Any CPU
		{AE6304FB-663B-4C2B-A5ED-EF1D4EFD0223}.Release|ia64.ActiveCfg = Release|Any CPU
		{AE6304FB-663B-4C2B-A5ED-EF1D4EFD0223}.Release|ia64.Build.0 = Release|Any CPU
		{AE6304FB-663B-4C2B-A5ED-EF1D4EFD0223}.Release|x64.ActiveCfg = Release|Any CPU
		{AE6304FB-663B-4C2B-A5ED-EF1D4EFD0223}.Release|x64.Build.0 = Release|Any CPU
		{AE6304FB-663B-4C2B-A5ED-EF1D4EFD0223}.Release|x86.ActiveCfg = Release|Any CPU
		{AE6304FB-663B-4C2B-A5ED-EF1D4EFD0223}.Release|x86.Build.0 = Release|Any CPU
		{0128E1E6-D4EF-41AD-AF9A-55E85A88EE18}.Debug|Any CPU.ActiveCfg = Debug|Any CPU
		{0128E1E6-D4EF-41AD-AF9A-55E85A88EE18}.Debug|Any CPU.Build.0 = Debug|Any CPU
		{0128E1E6-D4EF-41AD-AF9A-55E85A88EE18}.Debug|ia64.ActiveCfg = Debug|Any CPU
		{0128E1E6-D4EF-41AD-AF9A-55E85A88EE18}.Debug|ia64.Build.0 = Debug|Any CPU
		{0128E1E6-D4EF-41AD-AF9A-55E85A88EE18}.Debug|x64.ActiveCfg = Debug|Any CPU
		{0128E1E6-D4EF-41AD-AF9A-55E85A88EE18}.Debug|x64.Build.0 = Debug|Any CPU
		{0128E1E6-D4EF-41AD-AF9A-55E85A88EE18}.Debug|x86.ActiveCfg = Debug|Any CPU
		{0128E1E6-D4EF-41AD-AF9A-55E85A88EE18}.Debug|x86.Build.0 = Debug|Any CPU
		{0128E1E6-D4EF-41AD-AF9A-55E85A88EE18}.Development|Any CPU.ActiveCfg = Debug|Any CPU
		{0128E1E6-D4EF-41AD-AF9A-55E85A88EE18}.Development|Any CPU.Build.0 = Debug|Any CPU
		{0128E1E6-D4EF-41AD-AF9A-55E85A88EE18}.Development|ia64.ActiveCfg = Debug|Any CPU
		{0128E1E6-D4EF-41AD-AF9A-55E85A88EE18}.Development|ia64.Build.0 = Debug|Any CPU
		{0128E1E6-D4EF-41AD-AF9A-55E85A88EE18}.Development|x64.ActiveCfg = Debug|Any CPU
		{0128E1E6-D4EF-41AD-AF9A-55E85A88EE18}.Development|x64.Build.0 = Debug|Any CPU
		{0128E1E6-D4EF-41AD-AF9A-55E85A88EE18}.Development|x86.ActiveCfg = Debug|Any CPU
		{0128E1E6-D4EF-41AD-AF9A-55E85A88EE18}.Development|x86.Build.0 = Debug|Any CPU
		{0128E1E6-D4EF-41AD-AF9A-55E85A88EE18}.Release|Any CPU.ActiveCfg = Release|Any CPU
		{0128E1E6-D4EF-41AD-AF9A-55E85A88EE18}.Release|Any CPU.Build.0 = Release|Any CPU
		{0128E1E6-D4EF-41AD-AF9A-55E85A88EE18}.Release|ia64.ActiveCfg = Release|Any CPU
		{0128E1E6-D4EF-41AD-AF9A-55E85A88EE18}.Release|ia64.Build.0 = Release|Any CPU
		{0128E1E6-D4EF-41AD-AF9A-55E85A88EE18}.Release|x64.ActiveCfg = Release|Any CPU
		{0128E1E6-D4EF-41AD-AF9A-55E85A88EE18}.Release|x64.Build.0 = Release|Any CPU
		{0128E1E6-D4EF-41AD-AF9A-55E85A88EE18}.Release|x86.ActiveCfg = Release|Any CPU
		{0128E1E6-D4EF-41AD-AF9A-55E85A88EE18}.Release|x86.Build.0 = Release|Any CPU
		{67A9963E-66E1-4CE3-A894-BB7997C00F06}.Debug|Any CPU.ActiveCfg = Debug|Any CPU
		{67A9963E-66E1-4CE3-A894-BB7997C00F06}.Debug|Any CPU.Build.0 = Debug|Any CPU
		{67A9963E-66E1-4CE3-A894-BB7997C00F06}.Debug|ia64.ActiveCfg = Debug|Any CPU
		{67A9963E-66E1-4CE3-A894-BB7997C00F06}.Debug|ia64.Build.0 = Debug|Any CPU
		{67A9963E-66E1-4CE3-A894-BB7997C00F06}.Debug|x64.ActiveCfg = Debug|Any CPU
		{67A9963E-66E1-4CE3-A894-BB7997C00F06}.Debug|x64.Build.0 = Debug|Any CPU
		{67A9963E-66E1-4CE3-A894-BB7997C00F06}.Debug|x86.ActiveCfg = Debug|Any CPU
		{67A9963E-66E1-4CE3-A894-BB7997C00F06}.Debug|x86.Build.0 = Debug|Any CPU
		{67A9963E-66E1-4CE3-A894-BB7997C00F06}.Development|Any CPU.ActiveCfg = Debug|Any CPU
		{67A9963E-66E1-4CE3-A894-BB7997C00F06}.Development|Any CPU.Build.0 = Debug|Any CPU
		{67A9963E-66E1-4CE3-A894-BB7997C00F06}.Development|ia64.ActiveCfg = Debug|Any CPU
		{67A9963E-66E1-4CE3-A894-BB7997C00F06}.Development|ia64.Build.0 = Debug|Any CPU
		{67A9963E-66E1-4CE3-A894-BB7997C00F06}.Development|x64.ActiveCfg = Debug|Any CPU
		{67A9963E-66E1-4CE3-A894-BB7997C00F06}.Development|x64.Build.0 = Debug|Any CPU
		{67A9963E-66E1-4CE3-A894-BB7997C00F06}.Development|x86.ActiveCfg = Debug|Any CPU
		{67A9963E-66E1-4CE3-A894-BB7997C00F06}.Development|x86.Build.0 = Debug|Any CPU
		{67A9963E-66E1-4CE3-A894-BB7997C00F06}.Release|Any CPU.ActiveCfg = Release|Any CPU
		{67A9963E-66E1-4CE3-A894-BB7997C00F06}.Release|Any CPU.Build.0 = Release|Any CPU
		{67A9963E-66E1-4CE3-A894-BB7997C00F06}.Release|ia64.ActiveCfg = Release|Any CPU
		{67A9963E-66E1-4CE3-A894-BB7997C00F06}.Release|ia64.Build.0 = Release|Any CPU
		{67A9963E-66E1-4CE3-A894-BB7997C00F06}.Release|x64.ActiveCfg = Release|Any CPU
		{67A9963E-66E1-4CE3-A894-BB7997C00F06}.Release|x64.Build.0 = Release|Any CPU
		{67A9963E-66E1-4CE3-A894-BB7997C00F06}.Release|x86.ActiveCfg = Release|Any CPU
		{67A9963E-66E1-4CE3-A894-BB7997C00F06}.Release|x86.Build.0 = Release|Any CPU
		{43A3BD4C-2D50-4FAB-B077-7E8DB7C171F4}.Debug|Any CPU.ActiveCfg = Debug|Any CPU
		{43A3BD4C-2D50-4FAB-B077-7E8DB7C171F4}.Debug|Any CPU.Build.0 = Debug|Any CPU
		{43A3BD4C-2D50-4FAB-B077-7E8DB7C171F4}.Debug|ia64.ActiveCfg = Debug|Any CPU
		{43A3BD4C-2D50-4FAB-B077-7E8DB7C171F4}.Debug|ia64.Build.0 = Debug|Any CPU
		{43A3BD4C-2D50-4FAB-B077-7E8DB7C171F4}.Debug|x64.ActiveCfg = Debug|Any CPU
		{43A3BD4C-2D50-4FAB-B077-7E8DB7C171F4}.Debug|x64.Build.0 = Debug|Any CPU
		{43A3BD4C-2D50-4FAB-B077-7E8DB7C171F4}.Debug|x86.ActiveCfg = Debug|Any CPU
		{43A3BD4C-2D50-4FAB-B077-7E8DB7C171F4}.Debug|x86.Build.0 = Debug|Any CPU
		{43A3BD4C-2D50-4FAB-B077-7E8DB7C171F4}.Development|Any CPU.ActiveCfg = Debug|Any CPU
		{43A3BD4C-2D50-4FAB-B077-7E8DB7C171F4}.Development|Any CPU.Build.0 = Debug|Any CPU
		{43A3BD4C-2D50-4FAB-B077-7E8DB7C171F4}.Development|ia64.ActiveCfg = Debug|Any CPU
		{43A3BD4C-2D50-4FAB-B077-7E8DB7C171F4}.Development|ia64.Build.0 = Debug|Any CPU
		{43A3BD4C-2D50-4FAB-B077-7E8DB7C171F4}.Development|x64.ActiveCfg = Debug|Any CPU
		{43A3BD4C-2D50-4FAB-B077-7E8DB7C171F4}.Development|x64.Build.0 = Debug|Any CPU
		{43A3BD4C-2D50-4FAB-B077-7E8DB7C171F4}.Development|x86.ActiveCfg = Debug|Any CPU
		{43A3BD4C-2D50-4FAB-B077-7E8DB7C171F4}.Development|x86.Build.0 = Debug|Any CPU
		{43A3BD4C-2D50-4FAB-B077-7E8DB7C171F4}.Release|Any CPU.ActiveCfg = Release|Any CPU
		{43A3BD4C-2D50-4FAB-B077-7E8DB7C171F4}.Release|Any CPU.Build.0 = Release|Any CPU
		{43A3BD4C-2D50-4FAB-B077-7E8DB7C171F4}.Release|ia64.ActiveCfg = Release|Any CPU
		{43A3BD4C-2D50-4FAB-B077-7E8DB7C171F4}.Release|ia64.Build.0 = Release|Any CPU
		{43A3BD4C-2D50-4FAB-B077-7E8DB7C171F4}.Release|x64.ActiveCfg = Release|Any CPU
		{43A3BD4C-2D50-4FAB-B077-7E8DB7C171F4}.Release|x64.Build.0 = Release|Any CPU
		{43A3BD4C-2D50-4FAB-B077-7E8DB7C171F4}.Release|x86.ActiveCfg = Release|Any CPU
		{43A3BD4C-2D50-4FAB-B077-7E8DB7C171F4}.Release|x86.Build.0 = Release|Any CPU
		{75C89AA8-3FD0-4A94-9E9A-39ECAE49421A}.Debug|Any CPU.ActiveCfg = Debug|Any CPU
		{75C89AA8-3FD0-4A94-9E9A-39ECAE49421A}.Debug|Any CPU.Build.0 = Debug|Any CPU
		{75C89AA8-3FD0-4A94-9E9A-39ECAE49421A}.Debug|ia64.ActiveCfg = Debug|Any CPU
		{75C89AA8-3FD0-4A94-9E9A-39ECAE49421A}.Debug|ia64.Build.0 = Debug|Any CPU
		{75C89AA8-3FD0-4A94-9E9A-39ECAE49421A}.Debug|x64.ActiveCfg = Debug|Any CPU
		{75C89AA8-3FD0-4A94-9E9A-39ECAE49421A}.Debug|x64.Build.0 = Debug|Any CPU
		{75C89AA8-3FD0-4A94-9E9A-39ECAE49421A}.Debug|x86.ActiveCfg = Debug|Any CPU
		{75C89AA8-3FD0-4A94-9E9A-39ECAE49421A}.Debug|x86.Build.0 = Debug|Any CPU
		{75C89AA8-3FD0-4A94-9E9A-39ECAE49421A}.Development|Any CPU.ActiveCfg = Debug|Any CPU
		{75C89AA8-3FD0-4A94-9E9A-39ECAE49421A}.Development|Any CPU.Build.0 = Debug|Any CPU
		{75C89AA8-3FD0-4A94-9E9A-39ECAE49421A}.Development|ia64.ActiveCfg = Debug|Any CPU
		{75C89AA8-3FD0-4A94-9E9A-39ECAE49421A}.Development|ia64.Build.0 = Debug|Any CPU
		{75C89AA8-3FD0-4A94-9E9A-39ECAE49421A}.Development|x64.ActiveCfg = Debug|Any CPU
		{75C89AA8-3FD0-4A94-9E9A-39ECAE49421A}.Development|x64.Build.0 = Debug|Any CPU
		{75C89AA8-3FD0-4A94-9E9A-39ECAE49421A}.Development|x86.ActiveCfg = Debug|Any CPU
		{75C89AA8-3FD0-4A94-9E9A-39ECAE49421A}.Development|x86.Build.0 = Debug|Any CPU
		{75C89AA8-3FD0-4A94-9E9A-39ECAE49421A}.Release|Any CPU.ActiveCfg = Release|Any CPU
		{75C89AA8-3FD0-4A94-9E9A-39ECAE49421A}.Release|Any CPU.Build.0 = Release|Any CPU
		{75C89AA8-3FD0-4A94-9E9A-39ECAE49421A}.Release|ia64.ActiveCfg = Release|Any CPU
		{75C89AA8-3FD0-4A94-9E9A-39ECAE49421A}.Release|ia64.Build.0 = Release|Any CPU
		{75C89AA8-3FD0-4A94-9E9A-39ECAE49421A}.Release|x64.ActiveCfg = Release|Any CPU
		{75C89AA8-3FD0-4A94-9E9A-39ECAE49421A}.Release|x64.Build.0 = Release|Any CPU
		{75C89AA8-3FD0-4A94-9E9A-39ECAE49421A}.Release|x86.ActiveCfg = Release|Any CPU
		{75C89AA8-3FD0-4A94-9E9A-39ECAE49421A}.Release|x86.Build.0 = Release|Any CPU
		{573FBF22-3D63-449A-A31F-2D5622342C42}.Debug|Any CPU.ActiveCfg = Debug|x86
		{573FBF22-3D63-449A-A31F-2D5622342C42}.Debug|ia64.ActiveCfg = Debug|ia64
		{573FBF22-3D63-449A-A31F-2D5622342C42}.Debug|ia64.Build.0 = Debug|ia64
		{573FBF22-3D63-449A-A31F-2D5622342C42}.Debug|x64.ActiveCfg = Debug|x64
		{573FBF22-3D63-449A-A31F-2D5622342C42}.Debug|x64.Build.0 = Debug|x64
		{573FBF22-3D63-449A-A31F-2D5622342C42}.Debug|x86.ActiveCfg = Debug|x86
		{573FBF22-3D63-449A-A31F-2D5622342C42}.Debug|x86.Build.0 = Debug|x86
		{573FBF22-3D63-449A-A31F-2D5622342C42}.Development|Any CPU.ActiveCfg = Release|x64
		{573FBF22-3D63-449A-A31F-2D5622342C42}.Development|ia64.ActiveCfg = Debug|ia64
		{573FBF22-3D63-449A-A31F-2D5622342C42}.Development|x64.ActiveCfg = Debug|x64
		{573FBF22-3D63-449A-A31F-2D5622342C42}.Development|x86.ActiveCfg = Debug|x86
		{573FBF22-3D63-449A-A31F-2D5622342C42}.Release|Any CPU.ActiveCfg = Release|x86
		{573FBF22-3D63-449A-A31F-2D5622342C42}.Release|Any CPU.Build.0 = Release|x86
		{573FBF22-3D63-449A-A31F-2D5622342C42}.Release|ia64.ActiveCfg = Release|ia64
		{573FBF22-3D63-449A-A31F-2D5622342C42}.Release|ia64.Build.0 = Release|ia64
		{573FBF22-3D63-449A-A31F-2D5622342C42}.Release|x64.ActiveCfg = Release|x64
		{573FBF22-3D63-449A-A31F-2D5622342C42}.Release|x64.Build.0 = Release|x64
		{573FBF22-3D63-449A-A31F-2D5622342C42}.Release|x86.ActiveCfg = Release|x86
		{573FBF22-3D63-449A-A31F-2D5622342C42}.Release|x86.Build.0 = Release|x86
		{AE16DAA6-565B-439E-B99A-9A5549160356}.Debug|Any CPU.ActiveCfg = Debug|Any CPU
		{AE16DAA6-565B-439E-B99A-9A5549160356}.Debug|Any CPU.Build.0 = Debug|Any CPU
		{AE16DAA6-565B-439E-B99A-9A5549160356}.Debug|ia64.ActiveCfg = Debug|Any CPU
		{AE16DAA6-565B-439E-B99A-9A5549160356}.Debug|ia64.Build.0 = Debug|Any CPU
		{AE16DAA6-565B-439E-B99A-9A5549160356}.Debug|x64.ActiveCfg = Debug|Any CPU
		{AE16DAA6-565B-439E-B99A-9A5549160356}.Debug|x64.Build.0 = Debug|Any CPU
		{AE16DAA6-565B-439E-B99A-9A5549160356}.Debug|x86.ActiveCfg = Debug|Any CPU
		{AE16DAA6-565B-439E-B99A-9A5549160356}.Debug|x86.Build.0 = Debug|Any CPU
		{AE16DAA6-565B-439E-B99A-9A5549160356}.Development|Any CPU.ActiveCfg = Debug|Any CPU
		{AE16DAA6-565B-439E-B99A-9A5549160356}.Development|Any CPU.Build.0 = Debug|Any CPU
		{AE16DAA6-565B-439E-B99A-9A5549160356}.Development|ia64.ActiveCfg = Debug|Any CPU
		{AE16DAA6-565B-439E-B99A-9A5549160356}.Development|ia64.Build.0 = Debug|Any CPU
		{AE16DAA6-565B-439E-B99A-9A5549160356}.Development|x64.ActiveCfg = Debug|Any CPU
		{AE16DAA6-565B-439E-B99A-9A5549160356}.Development|x64.Build.0 = Debug|Any CPU
		{AE16DAA6-565B-439E-B99A-9A5549160356}.Development|x86.ActiveCfg = Debug|Any CPU
		{AE16DAA6-565B-439E-B99A-9A5549160356}.Development|x86.Build.0 = Debug|Any CPU
		{AE16DAA6-565B-439E-B99A-9A5549160356}.Release|Any CPU.ActiveCfg = Release|Any CPU
		{AE16DAA6-565B-439E-B99A-9A5549160356}.Release|Any CPU.Build.0 = Release|Any CPU
		{AE16DAA6-565B-439E-B99A-9A5549160356}.Release|ia64.ActiveCfg = Release|Any CPU
		{AE16DAA6-565B-439E-B99A-9A5549160356}.Release|ia64.Build.0 = Release|Any CPU
		{AE16DAA6-565B-439E-B99A-9A5549160356}.Release|x64.ActiveCfg = Release|Any CPU
		{AE16DAA6-565B-439E-B99A-9A5549160356}.Release|x64.Build.0 = Release|Any CPU
		{AE16DAA6-565B-439E-B99A-9A5549160356}.Release|x86.ActiveCfg = Release|Any CPU
		{AE16DAA6-565B-439E-B99A-9A5549160356}.Release|x86.Build.0 = Release|Any CPU
		{051F486F-A87E-446B-87D2-355242A9D88C}.Debug|Any CPU.ActiveCfg = Debug|Any CPU
		{051F486F-A87E-446B-87D2-355242A9D88C}.Debug|Any CPU.Build.0 = Debug|Any CPU
		{051F486F-A87E-446B-87D2-355242A9D88C}.Debug|ia64.ActiveCfg = Debug|Any CPU
		{051F486F-A87E-446B-87D2-355242A9D88C}.Debug|ia64.Build.0 = Debug|Any CPU
		{051F486F-A87E-446B-87D2-355242A9D88C}.Debug|x64.ActiveCfg = Debug|Any CPU
		{051F486F-A87E-446B-87D2-355242A9D88C}.Debug|x64.Build.0 = Debug|Any CPU
		{051F486F-A87E-446B-87D2-355242A9D88C}.Debug|x86.ActiveCfg = Debug|Any CPU
		{051F486F-A87E-446B-87D2-355242A9D88C}.Debug|x86.Build.0 = Debug|Any CPU
		{051F486F-A87E-446B-87D2-355242A9D88C}.Development|Any CPU.ActiveCfg = Debug|Any CPU
		{051F486F-A87E-446B-87D2-355242A9D88C}.Development|Any CPU.Build.0 = Debug|Any CPU
		{051F486F-A87E-446B-87D2-355242A9D88C}.Development|ia64.ActiveCfg = Debug|Any CPU
		{051F486F-A87E-446B-87D2-355242A9D88C}.Development|ia64.Build.0 = Debug|Any CPU
		{051F486F-A87E-446B-87D2-355242A9D88C}.Development|x64.ActiveCfg = Debug|Any CPU
		{051F486F-A87E-446B-87D2-355242A9D88C}.Development|x64.Build.0 = Debug|Any CPU
		{051F486F-A87E-446B-87D2-355242A9D88C}.Development|x86.ActiveCfg = Debug|Any CPU
		{051F486F-A87E-446B-87D2-355242A9D88C}.Development|x86.Build.0 = Debug|Any CPU
		{051F486F-A87E-446B-87D2-355242A9D88C}.Release|Any CPU.ActiveCfg = Release|Any CPU
		{051F486F-A87E-446B-87D2-355242A9D88C}.Release|Any CPU.Build.0 = Release|Any CPU
		{051F486F-A87E-446B-87D2-355242A9D88C}.Release|ia64.ActiveCfg = Release|Any CPU
		{051F486F-A87E-446B-87D2-355242A9D88C}.Release|ia64.Build.0 = Release|Any CPU
		{051F486F-A87E-446B-87D2-355242A9D88C}.Release|x64.ActiveCfg = Release|Any CPU
		{051F486F-A87E-446B-87D2-355242A9D88C}.Release|x64.Build.0 = Release|Any CPU
		{051F486F-A87E-446B-87D2-355242A9D88C}.Release|x86.ActiveCfg = Release|Any CPU
		{051F486F-A87E-446B-87D2-355242A9D88C}.Release|x86.Build.0 = Release|Any CPU
	EndGlobalSection
	GlobalSection(SolutionProperties) = preSolution
		HideSolutionNode = FALSE
	EndGlobalSection
	GlobalSection(NestedProjects) = preSolution
		{B3B2836C-9B33-4B48-BAA7-CDF6923B6AD1} = {FB507B72-4585-4419-A6D4-E1AF1D0CEEDC}
		{0DED0434-8982-4A1C-B569-65E0B66AA8A7} = {FB507B72-4585-4419-A6D4-E1AF1D0CEEDC}
		{C54355BA-D9C5-4287-9000-CB12695E3087} = {03D5D050-1027-4074-91BC-048284E3E72B}
		{AE6304FB-663B-4C2B-A5ED-EF1D4EFD0223} = {FB507B72-4585-4419-A6D4-E1AF1D0CEEDC}
		{0128E1E6-D4EF-41AD-AF9A-55E85A88EE18} = {FB507B72-4585-4419-A6D4-E1AF1D0CEEDC}
		{FE72B0B3-BC96-4496-9EBE-FA211311643D} = {03D5D050-1027-4074-91BC-048284E3E72B}
		{C98BE928-1D7D-4FAD-BE3B-23518A11E84C} = {3F8161D2-38F6-4F79-B616-DB5CEB9F8C9A}
		{9CD53940-04FF-4790-BF5E-0B1DF633072B} = {03D5D050-1027-4074-91BC-048284E3E72B}
		{67A9963E-66E1-4CE3-A894-BB7997C00F06} = {FB507B72-4585-4419-A6D4-E1AF1D0CEEDC}
		{43A3BD4C-2D50-4FAB-B077-7E8DB7C171F4} = {FB507B72-4585-4419-A6D4-E1AF1D0CEEDC}
		{75C89AA8-3FD0-4A94-9E9A-39ECAE49421A} = {FB507B72-4585-4419-A6D4-E1AF1D0CEEDC}
		{D6730C1A-EFC0-4128-ABC0-B20A6909FF62} = {03D5D050-1027-4074-91BC-048284E3E72B}
		{573FBF22-3D63-449A-A31F-2D5622342C42} = {D6730C1A-EFC0-4128-ABC0-B20A6909FF62}
		{AE16DAA6-565B-439E-B99A-9A5549160356} = {FB507B72-4585-4419-A6D4-E1AF1D0CEEDC}
		{051F486F-A87E-446B-87D2-355242A9D88C} = {FB507B72-4585-4419-A6D4-E1AF1D0CEEDC}
	EndGlobalSection
	GlobalSection(ExtensibilityGlobals) = postSolution
		SolutionGuid = {D01B2D2C-EAE6-413C-A00D-7B85F3EDC947}
	EndGlobalSection
EndGlobal
